# THIS IS AN AUTOGENERATED FILE. DO NOT EDIT THIS FILE DIRECTLY.
# yarn lockfile v1


prettier@^3.1.1:
  version "3.2.5"
  resolved "https://registry.yarnpkg.com/prettier/-/prettier-3.2.5.tgz#e52bc3090586e824964a8813b09aba6233b28368"
  integrity sha512-3/GWa9aOC0YeD7LUfvOG2NiDyhOWRvt1k+rcKhOuYnMY24iiCphgneUfJDyFXd6rZCAnuLBv6UeAULtrhT/F4A==

turbo-darwin-64@1.12.4:
  version "1.12.4"
  resolved "https://registry.yarnpkg.com/turbo-darwin-64/-/turbo-darwin-64-1.12.4.tgz#c03061dcf3e9fb6e530b7c5be035e44627015af7"
  integrity sha512-dBwFxhp9isTa9RS/fz2gDVk5wWhKQsPQMozYhjM7TT4jTrnYn0ZJMzr7V3B/M/T8QF65TbniW7w1gtgxQgX5Zg==

turbo-darwin-arm64@1.12.4:
  version "1.12.4"
  resolved "https://registry.yarnpkg.com/turbo-darwin-arm64/-/turbo-darwin-arm64-1.12.4.tgz#5a10367004077fb7874717f4ddc47b2f66f74cfb"
  integrity sha512-1Uo5iI6xsJ1j9ObsqxYRsa3W26mEbUe6fnj4rQYV6kDaqYD54oAMJ6hM53q9rB8JvFxwdrUXGp3PwTw9A0qqkA==

turbo-linux-64@1.12.4:
  version "1.12.4"
  resolved "https://registry.yarnpkg.com/turbo-linux-64/-/turbo-linux-64-1.12.4.tgz#22af551b152634a162a13c4a14af28816b383fc9"
  integrity sha512-ONg2aSqKP7LAQOg7ysmU5WpEQp4DGNxSlAiR7um+LKtbmC/UxogbR5+T+Uuq6zGuQ5kJyKjWJ4NhtvUswOqBsA==

turbo-linux-arm64@1.12.4:
  version "1.12.4"
  resolved "https://registry.yarnpkg.com/turbo-linux-arm64/-/turbo-linux-arm64-1.12.4.tgz#f13fb4da0e9fd968ccc0b807df643913ee8fab50"
  integrity sha512-9FPufkwdgfIKg/9jj87Cdtftw8o36y27/S2vLN7FTR2pp9c0MQiTBOLVYadUr1FlShupddmaMbTkXEhyt9SdrA==

turbo-windows-64@1.12.4:
  version "1.12.4"
  resolved "https://registry.yarnpkg.com/turbo-windows-64/-/turbo-windows-64-1.12.4.tgz#9b72a5082f6db8f995f409226220982ee90661f7"
  integrity sha512-2mOtxHW5Vjh/5rDVu/aFwsMzI+chs8XcEuJHlY1sYOpEymYTz+u6AXbnzRvwZFMrLKr7J7fQOGl+v96sLKbNdA==

turbo-windows-arm64@1.12.4:
  version "1.12.4"
  resolved "https://registry.yarnpkg.com/turbo-windows-arm64/-/turbo-windows-arm64-1.12.4.tgz#e7058885e18705c625436acebcd66fda3dd506d5"
  integrity sha512-nOY5wae9qnxPOpT1fRuYO0ks6dTwpKMPV6++VkDkamFDLFHUDVM/9kmD2UTeh1yyrKnrZksbb9zmShhmfj1wog==

turbo@latest:
  version "1.12.4"
  resolved "https://registry.yarnpkg.com/turbo/-/turbo-1.12.4.tgz#c3ba81871eba9ec87ac86af9e6270857726da9cb"
  integrity sha512-yUJ7elEUSToiGwFZogXpYKJpQ0BvaMbkEuQECIWtkBLcmWzlMOt6bActsIm29oN83mRU0WbzGt4e8H1KHWedhg==
  optionalDependencies:
    turbo-darwin-64 "1.12.4"
    turbo-darwin-arm64 "1.12.4"
    turbo-linux-64 "1.12.4"
    turbo-linux-arm64 "1.12.4"
    turbo-windows-64 "1.12.4"
    turbo-windows-arm64 "1.12.4"
